// !$*UTF8*$!
{
	archiveVersion = 1;
	classes = {
	};
	objectVersion = 46;
	objects = {

/* Begin PBXBuildFile section */
		069F2DD11A111BA00007D61A /* Foundation.framework in Frameworks */ = {isa = PBXBuildFile; fileRef = 069F2DD01A111BA00007D61A /* Foundation.framework */; };
		069F2DD31A111BA00007D61A /* CoreGraphics.framework in Frameworks */ = {isa = PBXBuildFile; fileRef = 069F2DD21A111BA00007D61A /* CoreGraphics.framework */; };
		069F2DD51A111BA00007D61A /* UIKit.framework in Frameworks */ = {isa = PBXBuildFile; fileRef = 069F2DD41A111BA00007D61A /* UIKit.framework */; };
		069F2DDB1A111BA00007D61A /* InfoPlist.strings in Resources */ = {isa = PBXBuildFile; fileRef = 069F2DD91A111BA00007D61A /* InfoPlist.strings */; };
		069F2DDD1A111BA00007D61A /* main.m in Sources */ = {isa = PBXBuildFile; fileRef = 069F2DDC1A111BA00007D61A /* main.m */; };
		069F2DE11A111BA00007D61A /* CCAppDelegate.m in Sources */ = {isa = PBXBuildFile; fileRef = 069F2DE01A111BA00007D61A /* CCAppDelegate.m */; };
		069F2DE41A111BA00007D61A /* Main.storyboard in Resources */ = {isa = PBXBuildFile; fileRef = 069F2DE21A111BA00007D61A /* Main.storyboard */; };
		069F2DE71A111BA00007D61A /* CCViewController.m in Sources */ = {isa = PBXBuildFile; fileRef = 069F2DE61A111BA00007D61A /* CCViewController.m */; };
		069F2DE91A111BA00007D61A /* Images.xcassets in Resources */ = {isa = PBXBuildFile; fileRef = 069F2DE81A111BA00007D61A /* Images.xcassets */; };
		069F2DF01A111BA00007D61A /* XCTest.framework in Frameworks */ = {isa = PBXBuildFile; fileRef = 069F2DEF1A111BA00007D61A /* XCTest.framework */; };
		069F2DF11A111BA00007D61A /* Foundation.framework in Frameworks */ = {isa = PBXBuildFile; fileRef = 069F2DD01A111BA00007D61A /* Foundation.framework */; };
		069F2DF21A111BA00007D61A /* UIKit.framework in Frameworks */ = {isa = PBXBuildFile; fileRef = 069F2DD41A111BA00007D61A /* UIKit.framework */; };
		069F2DFA1A111BA00007D61A /* InfoPlist.strings in Resources */ = {isa = PBXBuildFile; fileRef = 069F2DF81A111BA00007D61A /* InfoPlist.strings */; };
		069F2DFC1A111BA00007D61A /* MyFirstAppTests.m in Sources */ = {isa = PBXBuildFile; fileRef = 069F2DFB1A111BA00007D61A /* MyFirstAppTests.m */; };
		069F2E061A1129BB0007D61A /* Red-Heart.jpg in Resources */ = {isa = PBXBuildFile; fileRef = 069F2E051A1129BB0007D61A /* Red-Heart.jpg */; };
/* End PBXBuildFile section */

/* Begin PBXContainerItemProxy section */
		069F2DF31A111BA00007D61A /* PBXContainerItemProxy */ = {
			isa = PBXContainerItemProxy;
			containerPortal = 069F2DC51A111BA00007D61A /* Project object */;
			proxyType = 1;
			remoteGlobalIDString = 069F2DCC1A111BA00007D61A;
			remoteInfo = MyFirstApp;
		};
/* End PBXContainerItemProxy section */

/* Begin PBXFileReference section */
		069F2DCD1A111BA00007D61A /* MyFirstApp.app */ = {isa = PBXFileReference; explicitFileType = wrapper.application; includeInIndex = 0; path = MyFirstApp.app; sourceTree = BUILT_PRODUCTS_DIR; };
		069F2DD01A111BA00007D61A /* Foundation.framework */ = {isa = PBXFileReference; lastKnownFileType = wrapper.framework; name = Foundation.framework; path = System/Library/Frameworks/Foundation.framework; sourceTree = SDKROOT; };
		069F2DD21A111BA00007D61A /* CoreGraphics.framework */ = {isa = PBXFileReference; lastKnownFileType = wrapper.framework; name = CoreGraphics.framework; path = System/Library/Frameworks/CoreGraphics.framework; sourceTree = SDKROOT; };
		069F2DD41A111BA00007D61A /* UIKit.framework */ = {isa = PBXFileReference; lastKnownFileType = wrapper.framework; name = UIKit.framework; path = System/Library/Frameworks/UIKit.framework; sourceTree = SDKROOT; };
		069F2DD81A111BA00007D61A /* MyFirstApp-Info.plist */ = {isa = PBXFileReference; lastKnownFileType = text.plist.xml; path = "MyFirstApp-Info.plist"; sourceTree = "<group>"; };
		069F2DDA1A111BA00007D61A /* en */ = {isa = PBXFileReference; lastKnownFileType = text.plist.strings; name = en; path = en.lproj/InfoPlist.strings; sourceTree = "<group>"; };
		069F2DDC1A111BA00007D61A /* main.m */ = {isa = PBXFileReference; lastKnownFileType = sourcecode.c.objc; path = main.m; sourceTree = "<group>"; };
		069F2DDE1A111BA00007D61A /* MyFirstApp-Prefix.pch */ = {isa = PBXFileReference; lastKnownFileType = sourcecode.c.h; path = "MyFirstApp-Prefix.pch"; sourceTree = "<group>"; };
		069F2DDF1A111BA00007D61A /* CCAppDelegate.h */ = {isa = PBXFileReference; lastKnownFileType = sourcecode.c.h; path = CCAppDelegate.h; sourceTree = "<group>"; };
		069F2DE01A111BA00007D61A /* CCAppDelegate.m */ = {isa = PBXFileReference; lastKnownFileType = sourcecode.c.objc; path = CCAppDelegate.m; sourceTree = "<group>"; };
		069F2DE31A111BA00007D61A /* Base */ = {isa = PBXFileReference; lastKnownFileType = file.storyboard; name = Base; path = Base.lproj/Main.storyboard; sourceTree = "<group>"; };
		069F2DE51A111BA00007D61A /* CCViewController.h */ = {isa = PBXFileReference; lastKnownFileType = sourcecode.c.h; path = CCViewController.h; sourceTree = "<group>"; };
		069F2DE61A111BA00007D61A /* CCViewController.m */ = {isa = PBXFileReference; lastKnownFileType = sourcecode.c.objc; path = CCViewController.m; sourceTree = "<group>"; };
		069F2DE81A111BA00007D61A /* Images.xcassets */ = {isa = PBXFileReference; lastKnownFileType = folder.assetcatalog; path = Images.xcassets; sourceTree = "<group>"; };
		069F2DEE1A111BA00007D61A /* MyFirstAppTests.xctest */ = {isa = PBXFileReference; explicitFileType = wrapper.cfbundle; includeInIndex = 0; path = MyFirstAppTests.xctest; sourceTree = BUILT_PRODUCTS_DIR; };
		069F2DEF1A111BA00007D61A /* XCTest.framework */ = {isa = PBXFileReference; lastKnownFileType = wrapper.framework; name = XCTest.framework; path = Library/Frameworks/XCTest.framework; sourceTree = DEVELOPER_DIR; };
		069F2DF71A111BA00007D61A /* MyFirstAppTests-Info.plist */ = {isa = PBXFileReference; lastKnownFileType = text.plist.xml; path = "MyFirstAppTests-Info.plist"; sourceTree = "<group>"; };
		069F2DF91A111BA00007D61A /* en */ = {isa = PBXFileReference; lastKnownFileType = text.plist.strings; name = en; path = en.lproj/InfoPlist.strings; sourceTree = "<group>"; };
		069F2DFB1A111BA00007D61A /* MyFirstAppTests.m */ = {isa = PBXFileReference; lastKnownFileType = sourcecode.c.objc; path = MyFirstAppTests.m; sourceTree = "<group>"; };
		069F2E051A1129BB0007D61A /* Red-Heart.jpg */ = {isa = PBXFileReference; lastKnownFileType = image.jpeg; path = "Red-Heart.jpg"; sourceTree = "<group>"; };
/* End PBXFileReference section */

/* Begin PBXFrameworksBuildPhase section */
		069F2DCA1A111BA00007D61A /* Frameworks */ = {
			isa = PBXFrameworksBuildPhase;
			buildActionMask = 2147483647;
			files = (
				069F2DD31A111BA00007D61A /* CoreGraphics.framework in Frameworks */,
				069F2DD51A111BA00007D61A /* UIKit.framework in Frameworks */,
				069F2DD11A111BA00007D61A /* Foundation.framework in Frameworks */,
			);
			runOnlyForDeploymentPostprocessing = 0;
		};
		069F2DEB1A111BA00007D61A /* Frameworks */ = {
			isa = PBXFrameworksBuildPhase;
			buildActionMask = 2147483647;
			files = (
				069F2DF01A111BA00007D61A /* XCTest.framework in Frameworks */,
				069F2DF21A111BA00007D61A /* UIKit.framework in Frameworks */,
				069F2DF11A111BA00007D61A /* Foundation.framework in Frameworks */,
			);
			runOnlyForDeploymentPostprocessing = 0;
		};
/* End PBXFrameworksBuildPhase section */

/* Begin PBXGroup section */
		069F2DC41A111BA00007D61A = {
			isa = PBXGroup;
			children = (
				069F2DD61A111BA00007D61A /* MyFirstApp */,
				069F2DF51A111BA00007D61A /* MyFirstAppTests */,
				069F2DCF1A111BA00007D61A /* Frameworks */,
				069F2DCE1A111BA00007D61A /* Products */,
			);
			sourceTree = "<group>";
		};
		069F2DCE1A111BA00007D61A /* Products */ = {
			isa = PBXGroup;
			children = (
				069F2DCD1A111BA00007D61A /* MyFirstApp.app */,
				069F2DEE1A111BA00007D61A /* MyFirstAppTests.xctest */,
			);
			name = Products;
			sourceTree = "<group>";
		};
		069F2DCF1A111BA00007D61A /* Frameworks */ = {
			isa = PBXGroup;
			children = (
				069F2DD01A111BA00007D61A /* Foundation.framework */,
				069F2DD21A111BA00007D61A /* CoreGraphics.framework */,
				069F2DD41A111BA00007D61A /* UIKit.framework */,
				069F2DEF1A111BA00007D61A /* XCTest.framework */,
			);
			name = Frameworks;
			sourceTree = "<group>";
		};
		069F2DD61A111BA00007D61A /* MyFirstApp */ = {
			isa = PBXGroup;
			children = (
				069F2DDF1A111BA00007D61A /* CCAppDelegate.h */,
				069F2DE01A111BA00007D61A /* CCAppDelegate.m */,
				069F2DE21A111BA00007D61A /* Main.storyboard */,
				069F2DE51A111BA00007D61A /* CCViewController.h */,
				069F2DE61A111BA00007D61A /* CCViewController.m */,
				069F2DE81A111BA00007D61A /* Images.xcassets */,
				069F2DD71A111BA00007D61A /* Supporting Files */,
			);
			path = MyFirstApp;
			sourceTree = "<group>";
		};
		069F2DD71A111BA00007D61A /* Supporting Files */ = {
			isa = PBXGroup;
			children = (
				069F2E051A1129BB0007D61A /* Red-Heart.jpg */,
				069F2DD81A111BA00007D61A /* MyFirstApp-Info.plist */,
				069F2DD91A111BA00007D61A /* InfoPlist.strings */,
				069F2DDC1A111BA00007D61A /* main.m */,
				069F2DDE1A111BA00007D61A /* MyFirstApp-Prefix.pch */,
			);
			name = "Supporting Files";
			sourceTree = "<group>";
		};
		069F2DF51A111BA00007D61A /* MyFirstAppTests */ = {
			isa = PBXGroup;
			children = (
				069F2DFB1A111BA00007D61A /* MyFirstAppTests.m */,
				069F2DF61A111BA00007D61A /* Supporting Files */,
			);
			path = MyFirstAppTests;
			sourceTree = "<group>";
		};
		069F2DF61A111BA00007D61A /* Supporting Files */ = {
			isa = PBXGroup;
			children = (
				069F2DF71A111BA00007D61A /* MyFirstAppTests-Info.plist */,
				069F2DF81A111BA00007D61A /* InfoPlist.strings */,
			);
			name = "Supporting Files";
			sourceTree = "<group>";
		};
/* End PBXGroup section */

/* Begin PBXNativeTarget section */
		069F2DCC1A111BA00007D61A /* MyFirstApp */ = {
			isa = PBXNativeTarget;
			buildConfigurationList = 069F2DFF1A111BA00007D61A /* Build configuration list for PBXNativeTarget "MyFirstApp" */;
			buildPhases = (
				069F2DC91A111BA00007D61A /* Sources */,
				069F2DCA1A111BA00007D61A /* Frameworks */,
				069F2DCB1A111BA00007D61A /* Resources */,
			);
			buildRules = (
			);
			dependencies = (
			);
			name = MyFirstApp;
			productName = MyFirstApp;
			productReference = 069F2DCD1A111BA00007D61A /* MyFirstApp.app */;
			productType = "com.apple.product-type.application";
		};
		069F2DED1A111BA00007D61A /* MyFirstAppTests */ = {
			isa = PBXNativeTarget;
			buildConfigurationList = 069F2E021A111BA00007D61A /* Build configuration list for PBXNativeTarget "MyFirstAppTests" */;
			buildPhases = (
				069F2DEA1A111BA00007D61A /* Sources */,
				069F2DEB1A111BA00007D61A /* Frameworks */,
				069F2DEC1A111BA00007D61A /* Resources */,
			);
			buildRules = (
			);
			dependencies = (
				069F2DF41A111BA00007D61A /* PBXTargetDependency */,
			);
			name = MyFirstAppTests;
			productName = MyFirstAppTests;
			productReference = 069F2DEE1A111BA00007D61A /* MyFirstAppTests.xctest */;
			productType = "com.apple.product-type.bundle.unit-test";
		};
/* End PBXNativeTarget section */

/* Begin PBXProject section */
		069F2DC51A111BA00007D61A /* Project object */ = {
			isa = PBXProject;
			attributes = {
				CLASSPREFIX = CC;
				LastUpgradeCheck = 0510;
				ORGANIZATIONNAME = Liner;
				TargetAttributes = {
					069F2DED1A111BA00007D61A = {
						TestTargetID = 069F2DCC1A111BA00007D61A;
					};
				};
			};
			buildConfigurationList = 069F2DC81A111BA00007D61A /* Build configuration list for PBXProject "MyFirstApp" */;
			compatibilityVersion = "Xcode 3.2";
			developmentRegion = English;
			hasScannedForEncodings = 0;
			knownRegions = (
				en,
				Base,
			);
			mainGroup = 069F2DC41A111BA00007D61A;
			productRefGroup = 069F2DCE1A111BA00007D61A /* Products */;
			projectDirPath = "";
			projectRoot = "";
			targets = (
				069F2DCC1A111BA00007D61A /* MyFirstApp */,
				069F2DED1A111BA00007D61A /* MyFirstAppTests */,
			);
		};
/* End PBXProject section */

/* Begin PBXResourcesBuildPhase section */
		069F2DCB1A111BA00007D61A /* Resources */ = {
			isa = PBXResourcesBuildPhase;
			buildActionMask = 2147483647;
			files = (
				069F2E061A1129BB0007D61A /* Red-Heart.jpg in Resources */,
				069F2DE91A111BA00007D61A /* Images.xcassets in Resources */,
				069F2DDB1A111BA00007D61A /* InfoPlist.strings in Resources */,
				069F2DE41A111BA00007D61A /* Main.storyboard in Resources */,
			);
			runOnlyForDeploymentPostprocessing = 0;
		};
		069F2DEC1A111BA00007D61A /* Resources */ = {
			isa = PBXResourcesBuildPhase;
			buildActionMask = 2147483647;
			files = (
				069F2DFA1A111BA00007D61A /* InfoPlist.strings in Resources */,
			);
			runOnlyForDeploymentPostprocessing = 0;
		};
/* End PBXResourcesBuildPhase section */

/* Begin PBXSourcesBuildPhase section */
		069F2DC91A111BA00007D61A /* Sources */ = {
			isa = PBXSourcesBuildPhase;
			buildActionMask = 2147483647;
			files = (
				069F2DE11A111BA00007D61A /* CCAppDelegate.m in Sources */,
				069F2DDD1A111BA00007D61A /* main.m in Sources */,
				069F2DE71A111BA00007D61A /* CCViewController.m in Sources */,
			);
			runOnlyForDeploymentPostprocessing = 0;
		};
		069F2DEA1A111BA00007D61A /* Sources */ = {
			isa = PBXSourcesBuildPhase;
			buildActionMask = 2147483647;
			files = (
				069F2DFC1A111BA00007D61A /* MyFirstAppTests.m in Sources */,
			);
			runOnlyForDeploymentPostprocessing = 0;
		};
/* End PBXSourcesBuildPhase section */

/* Begin PBXTargetDependency section */
		069F2DF41A111BA00007D61A /* PBXTargetDependency */ = {
			isa = PBXTargetDependency;
			target = 069F2DCC1A111BA00007D61A /* MyFirstApp */;
			targetProxy = 069F2DF31A111BA00007D61A /* PBXContainerItemProxy */;
		};
/* End PBXTargetDependency section */

/* Begin PBXVariantGroup section */
		069F2DD91A111BA00007D61A /* InfoPlist.strings */ = {
			isa = PBXVariantGroup;
			children = (
				069F2DDA1A111BA00007D61A /* en */,
			);
			name = InfoPlist.strings;
			sourceTree = "<group>";
		};
		069F2DE21A111BA00007D61A /* Main.storyboard */ = {
			isa = PBXVariantGroup;
			children = (
				069F2DE31A111BA00007D61A /* Base */,
			);
			name = Main.storyboard;
			sourceTree = "<group>";
		};
		069F2DF81A111BA00007D61A /* InfoPlist.strings */ = {
			isa = PBXVariantGroup;
			children = (
				069F2DF91A111BA00007D61A /* en */,
			);
			name = InfoPlist.strings;
			sourceTree = "<group>";
		};
/* End PBXVariantGroup section */

/* Begin XCBuildConfiguration section */
		069F2DFD1A111BA00007D61A /* Debug */ = {
			isa = XCBuildConfiguration;
			buildSettings = {
				ALWAYS_SEARCH_USER_PATHS = NO;
				CLANG_CXX_LANGUAGE_STANDARD = "gnu++0x";
				CLANG_CXX_LIBRARY = "libc++";
				CLANG_ENABLE_MODULES = YES;
				CLANG_ENABLE_OBJC_ARC = YES;
				CLANG_WARN_BOOL_CONVERSION = YES;
				CLANG_WARN_CONSTANT_CONVERSION = YES;
				CLANG_WARN_DIRECT_OBJC_ISA_USAGE = YES_ERROR;
				CLANG_WARN_EMPTY_BODY = YES;
				CLANG_WARN_ENUM_CONVERSION = YES;
				CLANG_WARN_INT_CONVERSION = YES;
				CLANG_WARN_OBJC_ROOT_CLASS = YES_ERROR;
				CLANG_WARN__DUPLICATE_METHOD_MATCH = YES;
				"CODE_SIGN_IDENTITY[sdk=iphoneos*]" = "iPhone Developer";
				COPY_PHASE_STRIP = NO;
				GCC_C_LANGUAGE_STANDARD = gnu99;
				GCC_DYNAMIC_NO_PIC = NO;
				GCC_OPTIMIZATION_LEVEL = 0;
				GCC_PREPROCESSOR_DEFINITIONS = (
					"DEBUG=1",
					"$(inherited)",
				);
				GCC_SYMBOLS_PRIVATE_EXTERN = NO;
				GCC_WARN_64_TO_32_BIT_CONVERSION = YES;
				GCC_WARN_ABOUT_RETURN_TYPE = YES_ERROR;
				GCC_WARN_UNDECLARED_SELECTOR = YES;
				GCC_WARN_UNINITIALIZED_AUTOS = YES_AGGRESSIVE;
				GCC_WARN_UNUSED_FUNCTION = YES;
				GCC_WARN_UNUSED_VARIABLE = YES;
				IPHONEOS_DEPLOYMENT_TARGET = 7.1;
				ONLY_ACTIVE_ARCH = YES;
				SDKROOT = iphoneos;
			};
			name = Debug;
		};
		069F2DFE1A111BA00007D61A /* Release */ = {
			isa = XCBuildConfiguration;
			buildSettings = {
				ALWAYS_SEARCH_USER_PATHS = NO;
				CLANG_CXX_LANGUAGE_STANDARD = "gnu++0x";
				CLANG_CXX_LIBRARY = "libc++";
				CLANG_ENABLE_MODULES = YES;
				CLANG_ENABLE_OBJC_ARC = YES;
				CLANG_WARN_BOOL_CONVERSION = YES;
				CLANG_WARN_CONSTANT_CONVERSION = YES;
				CLANG_WARN_DIRECT_OBJC_ISA_USAGE = YES_ERROR;
				CLANG_WARN_EMPTY_BODY = YES;
				CLANG_WARN_ENUM_CONVERSION = YES;
				CLANG_WARN_INT_CONVERSION = YES;
				CLANG_WARN_OBJC_ROOT_CLASS = YES_ERROR;
				CLANG_WARN__DUPLICATE_METHOD_MATCH = YES;
				"CODE_SIGN_IDENTITY[sdk=iphoneos*]" = "iPhone Developer";
				COPY_PHASE_STRIP = YES;
				ENABLE_NS_ASSERTIONS = NO;
				GCC_C_LANGUAGE_STANDARD = gnu99;
				GCC_WARN_64_TO_32_BIT_CONVERSION = YES;
				GCC_WARN_ABOUT_RETURN_TYPE = YES_ERROR;
				GCC_WARN_UNDECLARED_SELECTOR = YES;
				GCC_WARN_UNINITIALIZED_AUTOS = YES_AGGRESSIVE;
				GCC_WARN_UNUSED_FUNCTION = YES;
				GCC_WARN_UNUSED_VARIABLE = YES;
				IPHONEOS_DEPLOYMENT_TARGET = 7.1;
				SDKROOT = iphoneos;
				VALIDATE_PRODUCT = YES;
			};
			name = Release;
		};
		069F2E001A111BA00007D61A /* Debug */ = {
			isa = XCBuildConfiguration;
			buildSettings = {
				ASSETCATALOG_COMPILER_APPICON_NAME = AppIcon;
				ASSETCATALOG_COMPILER_LAUNCHIMAGE_NAME = LaunchImage;
				GCC_PRECOMPILE_PREFIX_HEADER = YES;
				GCC_PREFIX_HEADER = "MyFirstApp/MyFirstApp-Prefix.pch";
				INFOPLIST_FILE = "MyFirstApp/MyFirstApp-Info.plist";
				PRODUCT_NAME = "$(TARGET_NAME)";
				WRAPPER_EXTENSION = app;
			};
			name = Debug;
		};
		069F2E011A111BA00007D61A /* Release */ = {
			isa = XCBuildConfiguration;
			buildSettings = {
				ASSETCATALOG_COMPILER_APPICON_NAME = AppIcon;
				ASSETCATALOG_COMPILER_LAUNCHIMAGE_NAME = LaunchImage;
				GCC_PRECOMPILE_PREFIX_HEADER = YES;
				GCC_PREFIX_HEADER = "MyFirstApp/MyFirstApp-Prefix.pch";
				INFOPLIST_FILE = "MyFirstApp/MyFirstApp-Info.plist";
				PRODUCT_NAME = "$(TARGET_NAME)";
				WRAPPER_EXTENSION = app;
			};
			name = Release;
		};
		069F2E031A111BA00007D61A /* Debug */ = {
			isa = XCBuildConfiguration;
			buildSettings = {
				BUNDLE_LOADER = "$(BUILT_PRODUCTS_DIR)/MyFirstApp.app/MyFirstApp";
				FRAMEWORK_SEARCH_PATHS = (
					"$(SDKROOT)/Developer/Library/Frameworks",
					"$(inherited)",
					"$(DEVELOPER_FRAMEWORKS_DIR)",
				);
				GCC_PRECOMPILE_PREFIX_HEADER = YES;
				GCC_PREFIX_HEADER = "MyFirstApp/MyFirstApp-Prefix.pch";
				GCC_PREPROCESSOR_DEFINITIONS = (
					"DEBUG=1",
					"$(inherited)",
				);
				INFOPLIST_FILE = "MyFirstAppTests/MyFirstAppTests-Info.plist";
				PRODUCT_NAME = "$(TARGET_NAME)";
				TEST_HOST = "$(BUNDLE_LOADER)";
				WRAPPER_EXTENSION = xctest;
			};
			name = Debug;
		};
		069F2E041A111BA00007D61A /* Release */ = {
			isa = XCBuildConfiguration;
			buildSettings = {
				BUNDLE_LOADER = "$(BUILT_PRODUCTS_DIR)/MyFirstApp.app/MyFirstApp";
				FRAMEWORK_SEARCH_PATHS = (
					"$(SDKROOT)/Developer/Library/Frameworks",
					"$(inherited)",
					"$(DEVELOPER_FRAMEWORKS_DIR)",
				);
				GCC_PRECOMPILE_PREFIX_HEADER = YES;
				GCC_PREFIX_HEADER = "MyFirstApp/MyFirstApp-Prefix.pch";
				INFOPLIST_FILE = "MyFirstAppTests/MyFirstAppTests-Info.plist";
				PRODUCT_NAME = "$(TARGET_NAME)";
				TEST_HOST = "$(BUNDLE_LOADER)";
				WRAPPER_EXTENSION = xctest;
			};
			name = Release;
		};
/* End XCBuildConfiguration section */

/* Begin XCConfigurationList section */
		069F2DC81A111BA00007D61A /* Build configuration list for PBXProject "MyFirstApp" */ = {
			isa = XCConfigurationList;
			buildConfigurations = (
				069F2DFD1A111BA00007D61A /* Debug */,
				069F2DFE1A111BA00007D61A /* Release */,
			);
			defaultConfigurationIsVisible = 0;
			defaultConfigurationName = Release;
		};
		069F2DFF1A111BA00007D61A /* Build configuration list for PBXNativeTarget "MyFirstApp" */ = {
			isa = XCConfigurationList;
			buildConfigurations = (
				069F2E001A111BA00007D61A /* Debug */,
				069F2E011A111BA00007D61A /* Release */,
			);
			defaultConfigurationIsVisible = 0;
		};
		069F2E021A111BA00007D61A /* Build configuration list for PBXNativeTarget "MyFirstAppTests" */ = {
			isa = XCConfigurationList;
			buildConfigurations = (
				069F2E031A111BA00007D61A /* Debug */,
				069F2E041A111BA00007D61A /* Release */,
			);
			defaultConfigurationIsVisible = 0;
		};
/* End XCConfigurationList section */
	};
	rootObject = 069F2DC51A111BA00007D61A /* Project object */;
}
